{
    "version": 3,
    "terraform_version": "0.11.8",
    "serial": 2,
    "lineage": "4701b334-d7c4-f386-7d9d-63ca5919a34a",
    "modules": [
        {
            "path": [
                "root"
            ],
            "outputs": {},
            "resources": {
                "aws_instance.example": {
                    "type": "aws_instance",
                    "depends_on": [],
                    "primary": {
                        "id": "i-06fe2e60ced140dd0",
                        "attributes": {
                            "ami": "ami-0bdb828fd58c52235",
                            "arn": "arn:aws:ec2:us-west-1:051349010708:instance/i-06fe2e60ced140dd0",
                            "associate_public_ip_address": "true",
                            "availability_zone": "us-west-1a",
                            "cpu_core_count": "1",
                            "cpu_threads_per_core": "1",
                            "credit_specification.#": "1",
                            "credit_specification.0.cpu_credits": "standard",
                            "disable_api_termination": "false",
                            "ebs_block_device.#": "0",
                            "ebs_optimized": "false",
                            "ephemeral_block_device.#": "0",
                            "get_password_data": "false",
                            "iam_instance_profile": "",
                            "id": "i-06fe2e60ced140dd0",
                            "instance_state": "running",
                            "instance_type": "t2.micro",
                            "ipv6_addresses.#": "0",
                            "key_name": "",
                            "monitoring": "false",
                            "network_interface.#": "0",
                            "network_interface_id": "eni-0bd8f47e659af6931",
                            "password_data": "",
                            "placement_group": "",
                            "primary_network_interface_id": "eni-0bd8f47e659af6931",
                            "private_dns": "ip-172-31-9-233.us-west-1.compute.internal",
                            "private_ip": "172.31.9.233",
                            "public_dns": "ec2-54-193-14-107.us-west-1.compute.amazonaws.com",
                            "public_ip": "54.193.14.107",
                            "root_block_device.#": "1",
                            "root_block_device.0.delete_on_termination": "true",
                            "root_block_device.0.iops": "100",
                            "root_block_device.0.volume_id": "vol-0c221cd7bc50b995f",
                            "root_block_device.0.volume_size": "8",
                            "root_block_device.0.volume_type": "gp2",
                            "security_groups.#": "1",
                            "security_groups.480378657": "default",
                            "source_dest_check": "true",
                            "subnet_id": "subnet-00fc7f5b",
                            "tags.%": "0",
                            "tenancy": "default",
                            "volume_tags.%": "0",
                            "vpc_security_group_ids.#": "1",
                            "vpc_security_group_ids.1004014040": "sg-9e358ce7"
                        },
                        "meta": {
                            "e2bfb730-ecaa-11e6-8f88-34363bc7c4c0": {
                                "create": 600000000000,
                                "delete": 1200000000000,
                                "update": 600000000000
                            },
                            "schema_version": "1"
                        },
                        "tainted": false
                    },
                    "deposed": [],
                    "provider": "provider.aws"
                }
            },
            "depends_on": []
        }
    ]
}
